
Microsoft Visual Studio Solution File, Format Version 12.00
# Visual Studio Version 17
VisualStudioVersion = 17.9.34723.18
MinimumVisualStudioVersion = 10.0.40219.1
Project("{FAE04EC0-301F-11D3-BF4B-00C04F79EFBC}") = "ATM_program", "ATM_program.csproj", "{6A0A1784-8302-488E-BF7C-0CB39592DD4A}"
EndProject
Global
	GlobalSection(SolutionConfigurationPlatforms) = preSolution
		Debug|Any CPU = Debug|Any CPU
		Release|Any CPU = Release|Any CPU
	EndGlobalSection
	GlobalSection(ProjectConfigurationPlatforms) = postSolution
		{6A0A1784-8302-488E-BF7C-0CB39592DD4A}.Debug|Any CPU.ActiveCfg = Debug|Any CPU
		{6A0A1784-8302-488E-BF7C-0CB39592DD4A}.Debug|Any CPU.Build.0 = Debug|Any CPU
		{6A0A1784-8302-488E-BF7C-0CB39592DD4A}.Release|Any CPU.ActiveCfg = Release|Any CPU
		{6A0A1784-8302-488E-BF7C-0CB39592DD4A}.Release|Any CPU.Build.0 = Release|Any CPU
	EndGlobalSection
	GlobalSection(SolutionProperties) = preSolution
		HideSolutionNode = FALSE
	EndGlobalSection
	GlobalSection(ExtensibilityGlobals) = postSolution
		SolutionGuid = {04EF49BD-14B7-42A3-8EC4-397D1FD92DE5}
	EndGlobalSection
EndGlobal
